// !$*UTF8*$!
{
	archiveVersion = 1;
	classes = {
	};
	objectVersion = 46;
	objects = {

/* Begin PBXBuildFile section */
		D567AAA318C51C8A00F24BF2 /* Foundation.framework in Frameworks */ = {isa = PBXBuildFile; fileRef = D567AAA218C51C8A00F24BF2 /* Foundation.framework */; };
		D567AAA518C51C8A00F24BF2 /* CoreGraphics.framework in Frameworks */ = {isa = PBXBuildFile; fileRef = D567AAA418C51C8A00F24BF2 /* CoreGraphics.framework */; };
		D567AAA718C51C8A00F24BF2 /* UIKit.framework in Frameworks */ = {isa = PBXBuildFile; fileRef = D567AAA618C51C8A00F24BF2 /* UIKit.framework */; };
		D567AAA918C51C8A00F24BF2 /* SpriteKit.framework in Frameworks */ = {isa = PBXBuildFile; fileRef = D567AAA818C51C8A00F24BF2 /* SpriteKit.framework */; };
		D567AAAF18C51C8A00F24BF2 /* InfoPlist.strings in Resources */ = {isa = PBXBuildFile; fileRef = D567AAAD18C51C8A00F24BF2 /* InfoPlist.strings */; };
		D567AAB118C51C8A00F24BF2 /* main.m in Sources */ = {isa = PBXBuildFile; fileRef = D567AAB018C51C8A00F24BF2 /* main.m */; };
		D567AAB518C51C8A00F24BF2 /* LODAppDelegate.m in Sources */ = {isa = PBXBuildFile; fileRef = D567AAB418C51C8A00F24BF2 /* LODAppDelegate.m */; };
		D567AAB818C51C8A00F24BF2 /* Main.storyboard in Resources */ = {isa = PBXBuildFile; fileRef = D567AAB618C51C8A00F24BF2 /* Main.storyboard */; };
		D567AABB18C51C8A00F24BF2 /* LODViewController.m in Sources */ = {isa = PBXBuildFile; fileRef = D567AABA18C51C8A00F24BF2 /* LODViewController.m */; };
		D567AABE18C51C8A00F24BF2 /* LODMyScene.m in Sources */ = {isa = PBXBuildFile; fileRef = D567AABD18C51C8A00F24BF2 /* LODMyScene.m */; };
		D567AAC218C51C8A00F24BF2 /* Images.xcassets in Resources */ = {isa = PBXBuildFile; fileRef = D567AAC118C51C8A00F24BF2 /* Images.xcassets */; };
		D567AAC918C51C8B00F24BF2 /* XCTest.framework in Frameworks */ = {isa = PBXBuildFile; fileRef = D567AAC818C51C8B00F24BF2 /* XCTest.framework */; };
		D567AACA18C51C8B00F24BF2 /* Foundation.framework in Frameworks */ = {isa = PBXBuildFile; fileRef = D567AAA218C51C8A00F24BF2 /* Foundation.framework */; };
		D567AACB18C51C8B00F24BF2 /* UIKit.framework in Frameworks */ = {isa = PBXBuildFile; fileRef = D567AAA618C51C8A00F24BF2 /* UIKit.framework */; };
		D567AAD318C51C8B00F24BF2 /* InfoPlist.strings in Resources */ = {isa = PBXBuildFile; fileRef = D567AAD118C51C8B00F24BF2 /* InfoPlist.strings */; };
		D567AAD518C51C8B00F24BF2 /* Live_Or_DieTests.m in Sources */ = {isa = PBXBuildFile; fileRef = D567AAD418C51C8B00F24BF2 /* Live_Or_DieTests.m */; };
		D567AAE418C51F0400F24BF2 /* bullet.png in Resources */ = {isa = PBXBuildFile; fileRef = D567AAE018C51F0400F24BF2 /* bullet.png */; };
		D567AAE518C51F0400F24BF2 /* coolzombie.png in Resources */ = {isa = PBXBuildFile; fileRef = D567AAE118C51F0400F24BF2 /* coolzombie.png */; };
		D567AAE618C51F0400F24BF2 /* player.png in Resources */ = {isa = PBXBuildFile; fileRef = D567AAE218C51F0400F24BF2 /* player.png */; };
		D567AAE718C51F0400F24BF2 /* zombie.png in Resources */ = {isa = PBXBuildFile; fileRef = D567AAE318C51F0400F24BF2 /* zombie.png */; };
		D593D03118C54E4B005B99AC /* LODGameOver.m in Sources */ = {isa = PBXBuildFile; fileRef = D593D03018C54E4B005B99AC /* LODGameOver.m */; };
		D5B725B718C557F000AA5391 /* LODStartGame.m in Sources */ = {isa = PBXBuildFile; fileRef = D5B725B618C557F000AA5391 /* LODStartGame.m */; };
		D5B725B918C5667900AA5391 /* blood.png in Resources */ = {isa = PBXBuildFile; fileRef = D5B725B818C5667900AA5391 /* blood.png */; };
		D5B725BD18C5694300AA5391 /* blood1.png in Resources */ = {isa = PBXBuildFile; fileRef = D5B725BA18C5694300AA5391 /* blood1.png */; };
		D5B725BE18C5694300AA5391 /* blood2.png in Resources */ = {isa = PBXBuildFile; fileRef = D5B725BB18C5694300AA5391 /* blood2.png */; };
		D5B725BF18C5694300AA5391 /* blood3.png in Resources */ = {isa = PBXBuildFile; fileRef = D5B725BC18C5694300AA5391 /* blood3.png */; };
		D5BA599B18C5544700420A21 /* GameOverText.png in Resources */ = {isa = PBXBuildFile; fileRef = D5BA599718C5544700420A21 /* GameOverText.png */; };
		D5BA599C18C5544700420A21 /* GameText.png in Resources */ = {isa = PBXBuildFile; fileRef = D5BA599818C5544700420A21 /* GameText.png */; };
		D5BA599D18C5544700420A21 /* nextButton.png in Resources */ = {isa = PBXBuildFile; fileRef = D5BA599918C5544700420A21 /* nextButton.png */; };
		D5BA599E18C5544700420A21 /* PlayButton.png in Resources */ = {isa = PBXBuildFile; fileRef = D5BA599A18C5544700420A21 /* PlayButton.png */; };
/* End PBXBuildFile section */

/* Begin PBXContainerItemProxy section */
		D567AACC18C51C8B00F24BF2 /* PBXContainerItemProxy */ = {
			isa = PBXContainerItemProxy;
			containerPortal = D567AA9718C51C8A00F24BF2 /* Project object */;
			proxyType = 1;
			remoteGlobalIDString = D567AA9E18C51C8A00F24BF2;
			remoteInfo = "Live Or Die";
		};
/* End PBXContainerItemProxy section */

/* Begin PBXFileReference section */
		D567AA9F18C51C8A00F24BF2 /* Live Or Die.app */ = {isa = PBXFileReference; explicitFileType = wrapper.application; includeInIndex = 0; path = "Live Or Die.app"; sourceTree = BUILT_PRODUCTS_DIR; };
		D567AAA218C51C8A00F24BF2 /* Foundation.framework */ = {isa = PBXFileReference; lastKnownFileType = wrapper.framework; name = Foundation.framework; path = System/Library/Frameworks/Foundation.framework; sourceTree = SDKROOT; };
		D567AAA418C51C8A00F24BF2 /* CoreGraphics.framework */ = {isa = PBXFileReference; lastKnownFileType = wrapper.framework; name = CoreGraphics.framework; path = System/Library/Frameworks/CoreGraphics.framework; sourceTree = SDKROOT; };
		D567AAA618C51C8A00F24BF2 /* UIKit.framework */ = {isa = PBXFileReference; lastKnownFileType = wrapper.framework; name = UIKit.framework; path = System/Library/Frameworks/UIKit.framework; sourceTree = SDKROOT; };
		D567AAA818C51C8A00F24BF2 /* SpriteKit.framework */ = {isa = PBXFileReference; lastKnownFileType = wrapper.framework; name = SpriteKit.framework; path = System/Library/Frameworks/SpriteKit.framework; sourceTree = SDKROOT; };
		D567AAAC18C51C8A00F24BF2 /* Live Or Die-Info.plist */ = {isa = PBXFileReference; lastKnownFileType = text.plist.xml; path = "Live Or Die-Info.plist"; sourceTree = "<group>"; };
		D567AAAE18C51C8A00F24BF2 /* en */ = {isa = PBXFileReference; lastKnownFileType = text.plist.strings; name = en; path = en.lproj/InfoPlist.strings; sourceTree = "<group>"; };
		D567AAB018C51C8A00F24BF2 /* main.m */ = {isa = PBXFileReference; lastKnownFileType = sourcecode.c.objc; path = main.m; sourceTree = "<group>"; };
		D567AAB218C51C8A00F24BF2 /* Live Or Die-Prefix.pch */ = {isa = PBXFileReference; lastKnownFileType = sourcecode.c.h; path = "Live Or Die-Prefix.pch"; sourceTree = "<group>"; };
		D567AAB318C51C8A00F24BF2 /* LODAppDelegate.h */ = {isa = PBXFileReference; lastKnownFileType = sourcecode.c.h; path = LODAppDelegate.h; sourceTree = "<group>"; };
		D567AAB418C51C8A00F24BF2 /* LODAppDelegate.m */ = {isa = PBXFileReference; lastKnownFileType = sourcecode.c.objc; path = LODAppDelegate.m; sourceTree = "<group>"; };
		D567AAB718C51C8A00F24BF2 /* Base */ = {isa = PBXFileReference; lastKnownFileType = file.storyboard; name = Base; path = Base.lproj/Main.storyboard; sourceTree = "<group>"; };
		D567AAB918C51C8A00F24BF2 /* LODViewController.h */ = {isa = PBXFileReference; lastKnownFileType = sourcecode.c.h; path = LODViewController.h; sourceTree = "<group>"; };
		D567AABA18C51C8A00F24BF2 /* LODViewController.m */ = {isa = PBXFileReference; lastKnownFileType = sourcecode.c.objc; path = LODViewController.m; sourceTree = "<group>"; };
		D567AABC18C51C8A00F24BF2 /* LODMyScene.h */ = {isa = PBXFileReference; lastKnownFileType = sourcecode.c.h; path = LODMyScene.h; sourceTree = "<group>"; };
		D567AABD18C51C8A00F24BF2 /* LODMyScene.m */ = {isa = PBXFileReference; lastKnownFileType = sourcecode.c.objc; path = LODMyScene.m; sourceTree = "<group>"; };
		D567AAC118C51C8A00F24BF2 /* Images.xcassets */ = {isa = PBXFileReference; lastKnownFileType = folder.assetcatalog; path = Images.xcassets; sourceTree = "<group>"; };
		D567AAC718C51C8B00F24BF2 /* Live Or DieTests.xctest */ = {isa = PBXFileReference; explicitFileType = wrapper.cfbundle; includeInIndex = 0; path = "Live Or DieTests.xctest"; sourceTree = BUILT_PRODUCTS_DIR; };
		D567AAC818C51C8B00F24BF2 /* XCTest.framework */ = {isa = PBXFileReference; lastKnownFileType = wrapper.framework; name = XCTest.framework; path = Library/Frameworks/XCTest.framework; sourceTree = DEVELOPER_DIR; };
		D567AAD018C51C8B00F24BF2 /* Live Or DieTests-Info.plist */ = {isa = PBXFileReference; lastKnownFileType = text.plist.xml; path = "Live Or DieTests-Info.plist"; sourceTree = "<group>"; };
		D567AAD218C51C8B00F24BF2 /* en */ = {isa = PBXFileReference; lastKnownFileType = text.plist.strings; name = en; path = en.lproj/InfoPlist.strings; sourceTree = "<group>"; };
		D567AAD418C51C8B00F24BF2 /* Live_Or_DieTests.m */ = {isa = PBXFileReference; lastKnownFileType = sourcecode.c.objc; path = Live_Or_DieTests.m; sourceTree = "<group>"; };
		D567AAE018C51F0400F24BF2 /* bullet.png */ = {isa = PBXFileReference; lastKnownFileType = image.png; path = bullet.png; sourceTree = "<group>"; };
		D567AAE118C51F0400F24BF2 /* coolzombie.png */ = {isa = PBXFileReference; lastKnownFileType = image.png; path = coolzombie.png; sourceTree = "<group>"; };
		D567AAE218C51F0400F24BF2 /* player.png */ = {isa = PBXFileReference; lastKnownFileType = image.png; path = player.png; sourceTree = "<group>"; };
		D567AAE318C51F0400F24BF2 /* zombie.png */ = {isa = PBXFileReference; lastKnownFileType = image.png; path = zombie.png; sourceTree = "<group>"; };
		D593D02F18C54E4B005B99AC /* LODGameOver.h */ = {isa = PBXFileReference; fileEncoding = 4; lastKnownFileType = sourcecode.c.h; path = LODGameOver.h; sourceTree = "<group>"; };
		D593D03018C54E4B005B99AC /* LODGameOver.m */ = {isa = PBXFileReference; fileEncoding = 4; lastKnownFileType = sourcecode.c.objc; path = LODGameOver.m; sourceTree = "<group>"; };
		D5B725B518C557F000AA5391 /* LODStartGame.h */ = {isa = PBXFileReference; fileEncoding = 4; lastKnownFileType = sourcecode.c.h; path = LODStartGame.h; sourceTree = "<group>"; };
		D5B725B618C557F000AA5391 /* LODStartGame.m */ = {isa = PBXFileReference; fileEncoding = 4; lastKnownFileType = sourcecode.c.objc; path = LODStartGame.m; sourceTree = "<group>"; };
		D5B725B818C5667900AA5391 /* blood.png */ = {isa = PBXFileReference; lastKnownFileType = image.png; path = blood.png; sourceTree = "<group>"; };
		D5B725BA18C5694300AA5391 /* blood1.png */ = {isa = PBXFileReference; lastKnownFileType = image.png; path = blood1.png; sourceTree = "<group>"; };
		D5B725BB18C5694300AA5391 /* blood2.png */ = {isa = PBXFileReference; lastKnownFileType = image.png; path = blood2.png; sourceTree = "<group>"; };
		D5B725BC18C5694300AA5391 /* blood3.png */ = {isa = PBXFileReference; lastKnownFileType = image.png; path = blood3.png; sourceTree = "<group>"; };
		D5BA599718C5544700420A21 /* GameOverText.png */ = {isa = PBXFileReference; lastKnownFileType = image.png; path = GameOverText.png; sourceTree = "<group>"; };
		D5BA599818C5544700420A21 /* GameText.png */ = {isa = PBXFileReference; lastKnownFileType = image.png; path = GameText.png; sourceTree = "<group>"; };
		D5BA599918C5544700420A21 /* nextButton.png */ = {isa = PBXFileReference; lastKnownFileType = image.png; path = nextButton.png; sourceTree = "<group>"; };
		D5BA599A18C5544700420A21 /* PlayButton.png */ = {isa = PBXFileReference; lastKnownFileType = image.png; path = PlayButton.png; sourceTree = "<group>"; };
/* End PBXFileReference section */

/* Begin PBXFrameworksBuildPhase section */
		D567AA9C18C51C8A00F24BF2 /* Frameworks */ = {
			isa = PBXFrameworksBuildPhase;
			buildActionMask = 2147483647;
			files = (
				D567AAA518C51C8A00F24BF2 /* CoreGraphics.framework in Frameworks */,
				D567AAA718C51C8A00F24BF2 /* UIKit.framework in Frameworks */,
				D567AAA918C51C8A00F24BF2 /* SpriteKit.framework in Frameworks */,
				D567AAA318C51C8A00F24BF2 /* Foundation.framework in Frameworks */,
			);
			runOnlyForDeploymentPostprocessing = 0;
		};
		D567AAC418C51C8B00F24BF2 /* Frameworks */ = {
			isa = PBXFrameworksBuildPhase;
			buildActionMask = 2147483647;
			files = (
				D567AAC918C51C8B00F24BF2 /* XCTest.framework in Frameworks */,
				D567AACB18C51C8B00F24BF2 /* UIKit.framework in Frameworks */,
				D567AACA18C51C8B00F24BF2 /* Foundation.framework in Frameworks */,
			);
			runOnlyForDeploymentPostprocessing = 0;
		};
/* End PBXFrameworksBuildPhase section */

/* Begin PBXGroup section */
		D567AA9618C51C8A00F24BF2 = {
			isa = PBXGroup;
			children = (
				D567AAAA18C51C8A00F24BF2 /* Live Or Die */,
				D567AACE18C51C8B00F24BF2 /* Live Or DieTests */,
				D567AAA118C51C8A00F24BF2 /* Frameworks */,
				D567AAA018C51C8A00F24BF2 /* Products */,
			);
			sourceTree = "<group>";
		};
		D567AAA018C51C8A00F24BF2 /* Products */ = {
			isa = PBXGroup;
			children = (
				D567AA9F18C51C8A00F24BF2 /* Live Or Die.app */,
				D567AAC718C51C8B00F24BF2 /* Live Or DieTests.xctest */,
			);
			name = Products;
			sourceTree = "<group>";
		};
		D567AAA118C51C8A00F24BF2 /* Frameworks */ = {
			isa = PBXGroup;
			children = (
				D567AAA218C51C8A00F24BF2 /* Foundation.framework */,
				D567AAA418C51C8A00F24BF2 /* CoreGraphics.framework */,
				D567AAA618C51C8A00F24BF2 /* UIKit.framework */,
				D567AAA818C51C8A00F24BF2 /* SpriteKit.framework */,
				D567AAC818C51C8B00F24BF2 /* XCTest.framework */,
			);
			name = Frameworks;
			sourceTree = "<group>";
		};
		D567AAAA18C51C8A00F24BF2 /* Live Or Die */ = {
			isa = PBXGroup;
			children = (
				D567AADF18C51EF400F24BF2 /* Picture */,
				D567AADE18C51C9900F24BF2 /* Scene */,
				D567AAB318C51C8A00F24BF2 /* LODAppDelegate.h */,
				D567AAB418C51C8A00F24BF2 /* LODAppDelegate.m */,
				D567AAB618C51C8A00F24BF2 /* Main.storyboard */,
				D567AAB918C51C8A00F24BF2 /* LODViewController.h */,
				D567AABA18C51C8A00F24BF2 /* LODViewController.m */,
				D567AAC118C51C8A00F24BF2 /* Images.xcassets */,
				D567AAAB18C51C8A00F24BF2 /* Supporting Files */,
			);
			path = "Live Or Die";
			sourceTree = "<group>";
		};
		D567AAAB18C51C8A00F24BF2 /* Supporting Files */ = {
			isa = PBXGroup;
			children = (
				D567AAAC18C51C8A00F24BF2 /* Live Or Die-Info.plist */,
				D567AAAD18C51C8A00F24BF2 /* InfoPlist.strings */,
				D567AAB018C51C8A00F24BF2 /* main.m */,
				D567AAB218C51C8A00F24BF2 /* Live Or Die-Prefix.pch */,
			);
			name = "Supporting Files";
			sourceTree = "<group>";
		};
		D567AACE18C51C8B00F24BF2 /* Live Or DieTests */ = {
			isa = PBXGroup;
			children = (
				D567AAD418C51C8B00F24BF2 /* Live_Or_DieTests.m */,
				D567AACF18C51C8B00F24BF2 /* Supporting Files */,
			);
			path = "Live Or DieTests";
			sourceTree = "<group>";
		};
		D567AACF18C51C8B00F24BF2 /* Supporting Files */ = {
			isa = PBXGroup;
			children = (
				D567AAD018C51C8B00F24BF2 /* Live Or DieTests-Info.plist */,
				D567AAD118C51C8B00F24BF2 /* InfoPlist.strings */,
			);
			name = "Supporting Files";
			sourceTree = "<group>";
		};
		D567AADE18C51C9900F24BF2 /* Scene */ = {
			isa = PBXGroup;
			children = (
				D567AABC18C51C8A00F24BF2 /* LODMyScene.h */,
				D567AABD18C51C8A00F24BF2 /* LODMyScene.m */,
				D593D02F18C54E4B005B99AC /* LODGameOver.h */,
				D593D03018C54E4B005B99AC /* LODGameOver.m */,
				D5B725B518C557F000AA5391 /* LODStartGame.h */,
				D5B725B618C557F000AA5391 /* LODStartGame.m */,
			);
			name = Scene;
			sourceTree = "<group>";
		};
		D567AADF18C51EF400F24BF2 /* Picture */ = {
			isa = PBXGroup;
			children = (
				D5B725C018C5694700AA5391 /* blood */,
				D5BA599718C5544700420A21 /* GameOverText.png */,
				D5BA599818C5544700420A21 /* GameText.png */,
				D5BA599918C5544700420A21 /* nextButton.png */,
				D5BA599A18C5544700420A21 /* PlayButton.png */,
				D567AAE018C51F0400F24BF2 /* bullet.png */,
				D567AAE118C51F0400F24BF2 /* coolzombie.png */,
				D567AAE218C51F0400F24BF2 /* player.png */,
				D567AAE318C51F0400F24BF2 /* zombie.png */,
			);
			name = Picture;
			sourceTree = "<group>";
		};
		D5B725C018C5694700AA5391 /* blood */ = {
			isa = PBXGroup;
			children = (
				D5B725B818C5667900AA5391 /* blood.png */,
				D5B725BA18C5694300AA5391 /* blood1.png */,
				D5B725BB18C5694300AA5391 /* blood2.png */,
				D5B725BC18C5694300AA5391 /* blood3.png */,
			);
			name = blood;
			sourceTree = "<group>";
		};
/* End PBXGroup section */

/* Begin PBXNativeTarget section */
		D567AA9E18C51C8A00F24BF2 /* Live Or Die */ = {
			isa = PBXNativeTarget;
			buildConfigurationList = D567AAD818C51C8B00F24BF2 /* Build configuration list for PBXNativeTarget "Live Or Die" */;
			buildPhases = (
				D567AA9B18C51C8A00F24BF2 /* Sources */,
				D567AA9C18C51C8A00F24BF2 /* Frameworks */,
				D567AA9D18C51C8A00F24BF2 /* Resources */,
			);
			buildRules = (
			);
			dependencies = (
			);
			name = "Live Or Die";
			productName = "Live Or Die";
			productReference = D567AA9F18C51C8A00F24BF2 /* Live Or Die.app */;
			productType = "com.apple.product-type.application";
		};
		D567AAC618C51C8B00F24BF2 /* Live Or DieTests */ = {
			isa = PBXNativeTarget;
			buildConfigurationList = D567AADB18C51C8B00F24BF2 /* Build configuration list for PBXNativeTarget "Live Or DieTests" */;
			buildPhases = (
				D567AAC318C51C8B00F24BF2 /* Sources */,
				D567AAC418C51C8B00F24BF2 /* Frameworks */,
				D567AAC518C51C8B00F24BF2 /* Resources */,
			);
			buildRules = (
			);
			dependencies = (
				D567AACD18C51C8B00F24BF2 /* PBXTargetDependency */,
			);
			name = "Live Or DieTests";
			productName = "Live Or DieTests";
			productReference = D567AAC718C51C8B00F24BF2 /* Live Or DieTests.xctest */;
			productType = "com.apple.product-type.bundle.unit-test";
		};
/* End PBXNativeTarget section */

/* Begin PBXProject section */
		D567AA9718C51C8A00F24BF2 /* Project object */ = {
			isa = PBXProject;
			attributes = {
				CLASSPREFIX = LOD;
				LastUpgradeCheck = 0500;
				ORGANIZATIONNAME = "indeed!";
				TargetAttributes = {
					D567AAC618C51C8B00F24BF2 = {
						TestTargetID = D567AA9E18C51C8A00F24BF2;
					};
				};
			};
			buildConfigurationList = D567AA9A18C51C8A00F24BF2 /* Build configuration list for PBXProject "Live Or Die" */;
			compatibilityVersion = "Xcode 3.2";
			developmentRegion = English;
			hasScannedForEncodings = 0;
			knownRegions = (
				en,
				Base,
			);
			mainGroup = D567AA9618C51C8A00F24BF2;
			productRefGroup = D567AAA018C51C8A00F24BF2 /* Products */;
			projectDirPath = "";
			projectRoot = "";
			targets = (
				D567AA9E18C51C8A00F24BF2 /* Live Or Die */,
				D567AAC618C51C8B00F24BF2 /* Live Or DieTests */,
			);
		};
/* End PBXProject section */

/* Begin PBXResourcesBuildPhase section */
		D567AA9D18C51C8A00F24BF2 /* Resources */ = {
			isa = PBXResourcesBuildPhase;
			buildActionMask = 2147483647;
			files = (
				D567AAAF18C51C8A00F24BF2 /* InfoPlist.strings in Resources */,
				D5B725BD18C5694300AA5391 /* blood1.png in Resources */,
				D567AAE418C51F0400F24BF2 /* bullet.png in Resources */,
				D567AAE618C51F0400F24BF2 /* player.png in Resources */,
				D567AAE518C51F0400F24BF2 /* coolzombie.png in Resources */,
				D5BA599E18C5544700420A21 /* PlayButton.png in Resources */,
				D567AAC218C51C8A00F24BF2 /* Images.xcassets in Resources */,
				D5B725BE18C5694300AA5391 /* blood2.png in Resources */,
				D567AAB818C51C8A00F24BF2 /* Main.storyboard in Resources */,
				D5BA599D18C5544700420A21 /* nextButton.png in Resources */,
				D5B725B918C5667900AA5391 /* blood.png in Resources */,
				D5BA599B18C5544700420A21 /* GameOverText.png in Resources */,
				D567AAE718C51F0400F24BF2 /* zombie.png in Resources */,
				D5BA599C18C5544700420A21 /* GameText.png in Resources */,
				D5B725BF18C5694300AA5391 /* blood3.png in Resources */,
			);
			runOnlyForDeploymentPostprocessing = 0;
		};
		D567AAC518C51C8B00F24BF2 /* Resources */ = {
			isa = PBXResourcesBuildPhase;
			buildActionMask = 2147483647;
			files = (
				D567AAD318C51C8B00F24BF2 /* InfoPlist.strings in Resources */,
			);
			runOnlyForDeploymentPostprocessing = 0;
		};
/* End PBXResourcesBuildPhase section */

/* Begin PBXSourcesBuildPhase section */
		D567AA9B18C51C8A00F24BF2 /* Sources */ = {
			isa = PBXSourcesBuildPhase;
			buildActionMask = 2147483647;
			files = (
				D567AAB518C51C8A00F24BF2 /* LODAppDelegate.m in Sources */,
				D567AABB18C51C8A00F24BF2 /* LODViewController.m in Sources */,
				D567AABE18C51C8A00F24BF2 /* LODMyScene.m in Sources */,
				D567AAB118C51C8A00F24BF2 /* main.m in Sources */,
				D5B725B718C557F000AA5391 /* LODStartGame.m in Sources */,
				D593D03118C54E4B005B99AC /* LODGameOver.m in Sources */,
			);
			runOnlyForDeploymentPostprocessing = 0;
		};
		D567AAC318C51C8B00F24BF2 /* Sources */ = {
			isa = PBXSourcesBuildPhase;
			buildActionMask = 2147483647;
			files = (
				D567AAD518C51C8B00F24BF2 /* Live_Or_DieTests.m in Sources */,
			);
			runOnlyForDeploymentPostprocessing = 0;
		};
/* End PBXSourcesBuildPhase section */

/* Begin PBXTargetDependency section */
		D567AACD18C51C8B00F24BF2 /* PBXTargetDependency */ = {
			isa = PBXTargetDependency;
			target = D567AA9E18C51C8A00F24BF2 /* Live Or Die */;
			targetProxy = D567AACC18C51C8B00F24BF2 /* PBXContainerItemProxy */;
		};
/* End PBXTargetDependency section */

/* Begin PBXVariantGroup section */
		D567AAAD18C51C8A00F24BF2 /* InfoPlist.strings */ = {
			isa = PBXVariantGroup;
			children = (
				D567AAAE18C51C8A00F24BF2 /* en */,
			);
			name = InfoPlist.strings;
			sourceTree = "<group>";
		};
		D567AAB618C51C8A00F24BF2 /* Main.storyboard */ = {
			isa = PBXVariantGroup;
			children = (
				D567AAB718C51C8A00F24BF2 /* Base */,
			);
			name = Main.storyboard;
			sourceTree = "<group>";
		};
		D567AAD118C51C8B00F24BF2 /* InfoPlist.strings */ = {
			isa = PBXVariantGroup;
			children = (
				D567AAD218C51C8B00F24BF2 /* en */,
			);
			name = InfoPlist.strings;
			sourceTree = "<group>";
		};
/* End PBXVariantGroup section */

/* Begin XCBuildConfiguration section */
		D567AAD618C51C8B00F24BF2 /* Debug */ = {
			isa = XCBuildConfiguration;
			buildSettings = {
				ALWAYS_SEARCH_USER_PATHS = NO;
				ARCHS = "$(ARCHS_STANDARD_INCLUDING_64_BIT)";
				CLANG_CXX_LANGUAGE_STANDARD = "gnu++0x";
				CLANG_CXX_LIBRARY = "libc++";
				CLANG_ENABLE_MODULES = YES;
				CLANG_ENABLE_OBJC_ARC = YES;
				CLANG_WARN_BOOL_CONVERSION = YES;
				CLANG_WARN_CONSTANT_CONVERSION = YES;
				CLANG_WARN_DIRECT_OBJC_ISA_USAGE = YES_ERROR;
				CLANG_WARN_EMPTY_BODY = YES;
				CLANG_WARN_ENUM_CONVERSION = YES;
				CLANG_WARN_INT_CONVERSION = YES;
				CLANG_WARN_OBJC_ROOT_CLASS = YES_ERROR;
				CLANG_WARN__DUPLICATE_METHOD_MATCH = YES;
				"CODE_SIGN_IDENTITY[sdk=iphoneos*]" = "iPhone Developer";
				COPY_PHASE_STRIP = NO;
				GCC_C_LANGUAGE_STANDARD = gnu99;
				GCC_DYNAMIC_NO_PIC = NO;
				GCC_OPTIMIZATION_LEVEL = 0;
				GCC_PREPROCESSOR_DEFINITIONS = (
					"DEBUG=1",
					"$(inherited)",
				);
				GCC_SYMBOLS_PRIVATE_EXTERN = NO;
				GCC_WARN_64_TO_32_BIT_CONVERSION = YES;
				GCC_WARN_ABOUT_RETURN_TYPE = YES_ERROR;
				GCC_WARN_UNDECLARED_SELECTOR = YES;
				GCC_WARN_UNINITIALIZED_AUTOS = YES;
				GCC_WARN_UNUSED_FUNCTION = YES;
				GCC_WARN_UNUSED_VARIABLE = YES;
				IPHONEOS_DEPLOYMENT_TARGET = 7.0;
				ONLY_ACTIVE_ARCH = YES;
				SDKROOT = iphoneos;
			};
			name = Debug;
		};
		D567AAD718C51C8B00F24BF2 /* Release */ = {
			isa = XCBuildConfiguration;
			buildSettings = {
				ALWAYS_SEARCH_USER_PATHS = NO;
				ARCHS = "$(ARCHS_STANDARD_INCLUDING_64_BIT)";
				CLANG_CXX_LANGUAGE_STANDARD = "gnu++0x";
				CLANG_CXX_LIBRARY = "libc++";
				CLANG_ENABLE_MODULES = YES;
				CLANG_ENABLE_OBJC_ARC = YES;
				CLANG_WARN_BOOL_CONVERSION = YES;
				CLANG_WARN_CONSTANT_CONVERSION = YES;
				CLANG_WARN_DIRECT_OBJC_ISA_USAGE = YES_ERROR;
				CLANG_WARN_EMPTY_BODY = YES;
				CLANG_WARN_ENUM_CONVERSION = YES;
				CLANG_WARN_INT_CONVERSION = YES;
				CLANG_WARN_OBJC_ROOT_CLASS = YES_ERROR;
				CLANG_WARN__DUPLICATE_METHOD_MATCH = YES;
				"CODE_SIGN_IDENTITY[sdk=iphoneos*]" = "iPhone Developer";
				COPY_PHASE_STRIP = YES;
				ENABLE_NS_ASSERTIONS = NO;
				GCC_C_LANGUAGE_STANDARD = gnu99;
				GCC_WARN_64_TO_32_BIT_CONVERSION = YES;
				GCC_WARN_ABOUT_RETURN_TYPE = YES_ERROR;
				GCC_WARN_UNDECLARED_SELECTOR = YES;
				GCC_WARN_UNINITIALIZED_AUTOS = YES;
				GCC_WARN_UNUSED_FUNCTION = YES;
				GCC_WARN_UNUSED_VARIABLE = YES;
				IPHONEOS_DEPLOYMENT_TARGET = 7.0;
				SDKROOT = iphoneos;
				VALIDATE_PRODUCT = YES;
			};
			name = Release;
		};
		D567AAD918C51C8B00F24BF2 /* Debug */ = {
			isa = XCBuildConfiguration;
			buildSettings = {
				ASSETCATALOG_COMPILER_APPICON_NAME = AppIcon;
				ASSETCATALOG_COMPILER_LAUNCHIMAGE_NAME = LaunchImage;
				GCC_PRECOMPILE_PREFIX_HEADER = YES;
				GCC_PREFIX_HEADER = "Live Or Die/Live Or Die-Prefix.pch";
				INFOPLIST_FILE = "Live Or Die/Live Or Die-Info.plist";
				PRODUCT_NAME = "$(TARGET_NAME)";
				SPRITEKIT_TEXTURE_ATLAS_OUTPUT = YES;
				WRAPPER_EXTENSION = app;
			};
			name = Debug;
		};
		D567AADA18C51C8B00F24BF2 /* Release */ = {
			isa = XCBuildConfiguration;
			buildSettings = {
				ASSETCATALOG_COMPILER_APPICON_NAME = AppIcon;
				ASSETCATALOG_COMPILER_LAUNCHIMAGE_NAME = LaunchImage;
				GCC_PRECOMPILE_PREFIX_HEADER = YES;
				GCC_PREFIX_HEADER = "Live Or Die/Live Or Die-Prefix.pch";
				INFOPLIST_FILE = "Live Or Die/Live Or Die-Info.plist";
				PRODUCT_NAME = "$(TARGET_NAME)";
				SPRITEKIT_TEXTURE_ATLAS_OUTPUT = YES;
				WRAPPER_EXTENSION = app;
			};
			name = Release;
		};
		D567AADC18C51C8B00F24BF2 /* Debug */ = {
			isa = XCBuildConfiguration;
			buildSettings = {
				ARCHS = "$(ARCHS_STANDARD_INCLUDING_64_BIT)";
				BUNDLE_LOADER = "$(BUILT_PRODUCTS_DIR)/Live Or Die.app/Live Or Die";
				FRAMEWORK_SEARCH_PATHS = (
					"$(SDKROOT)/Developer/Library/Frameworks",
					"$(inherited)",
					"$(DEVELOPER_FRAMEWORKS_DIR)",
				);
				GCC_PRECOMPILE_PREFIX_HEADER = YES;
				GCC_PREFIX_HEADER = "Live Or Die/Live Or Die-Prefix.pch";
				GCC_PREPROCESSOR_DEFINITIONS = (
					"DEBUG=1",
					"$(inherited)",
				);
				INFOPLIST_FILE = "Live Or DieTests/Live Or DieTests-Info.plist";
				PRODUCT_NAME = "$(TARGET_NAME)";
				TEST_HOST = "$(BUNDLE_LOADER)";
				WRAPPER_EXTENSION = xctest;
			};
			name = Debug;
		};
		D567AADD18C51C8B00F24BF2 /* Release */ = {
			isa = XCBuildConfiguration;
			buildSettings = {
				ARCHS = "$(ARCHS_STANDARD_INCLUDING_64_BIT)";
				BUNDLE_LOADER = "$(BUILT_PRODUCTS_DIR)/Live Or Die.app/Live Or Die";
				FRAMEWORK_SEARCH_PATHS = (
					"$(SDKROOT)/Developer/Library/Frameworks",
					"$(inherited)",
					"$(DEVELOPER_FRAMEWORKS_DIR)",
				);
				GCC_PRECOMPILE_PREFIX_HEADER = YES;
				GCC_PREFIX_HEADER = "Live Or Die/Live Or Die-Prefix.pch";
				INFOPLIST_FILE = "Live Or DieTests/Live Or DieTests-Info.plist";
				PRODUCT_NAME = "$(TARGET_NAME)";
				TEST_HOST = "$(BUNDLE_LOADER)";
				WRAPPER_EXTENSION = xctest;
			};
			name = Release;
		};
/* End XCBuildConfiguration section */

/* Begin XCConfigurationList section */
		D567AA9A18C51C8A00F24BF2 /* Build configuration list for PBXProject "Live Or Die" */ = {
			isa = XCConfigurationList;
			buildConfigurations = (
				D567AAD618C51C8B00F24BF2 /* Debug */,
				D567AAD718C51C8B00F24BF2 /* Release */,
			);
			defaultConfigurationIsVisible = 0;
			defaultConfigurationName = Release;
		};
		D567AAD818C51C8B00F24BF2 /* Build configuration list for PBXNativeTarget "Live Or Die" */ = {
			isa = XCConfigurationList;
			buildConfigurations = (
				D567AAD918C51C8B00F24BF2 /* Debug */,
				D567AADA18C51C8B00F24BF2 /* Release */,
			);
			defaultConfigurationIsVisible = 0;
			defaultConfigurationName = Release;
		};
		D567AADB18C51C8B00F24BF2 /* Build configuration list for PBXNativeTarget "Live Or DieTests" */ = {
			isa = XCConfigurationList;
			buildConfigurations = (
				D567AADC18C51C8B00F24BF2 /* Debug */,
				D567AADD18C51C8B00F24BF2 /* Release */,
			);
			defaultConfigurationIsVisible = 0;
			defaultConfigurationName = Release;
		};
/* End XCConfigurationList section */
	};
	rootObject = D567AA9718C51C8A00F24BF2 /* Project object */;
}
